
Microsoft Visual Studio Solution File, Format Version 12.00
# Visual Studio 15
VisualStudioVersion = 15.0.27703.2000
MinimumVisualStudioVersion = 10.0.40219.1
Project("{FAE04EC0-301F-11D3-BF4B-00C04F79EFBC}") = "YouTubeDL", "YouTubeDL\YouTubeDL.csproj", "{3E8C3A82-3A0D-4A91-9F20-419A5EA1F71D}"
EndProject
Global
	GlobalSection(SolutionConfigurationPlatforms) = preSolution
		Debug|Any CPU = Debug|Any CPU
		Release|Any CPU = Release|Any CPU
	EndGlobalSection
	GlobalSection(ProjectConfigurationPlatforms) = postSolution
		{3E8C3A82-3A0D-4A91-9F20-419A5EA1F71D}.Debug|Any CPU.ActiveCfg = Debug|Any CPU
		{3E8C3A82-3A0D-4A91-9F20-419A5EA1F71D}.Debug|Any CPU.Build.0 = Debug|Any CPU
		{3E8C3A82-3A0D-4A91-9F20-419A5EA1F71D}.Release|Any CPU.ActiveCfg = Release|Any CPU
		{3E8C3A82-3A0D-4A91-9F20-419A5EA1F71D}.Release|Any CPU.Build.0 = Release|Any CPU
	EndGlobalSection
	GlobalSection(SolutionProperties) = preSolution
		HideSolutionNode = FALSE
	EndGlobalSection
	GlobalSection(ExtensibilityGlobals) = postSolution
		SolutionGuid = {220380CD-B454-4D90-8D7F-C4B74F9328C8}
	EndGlobalSection
EndGlobal
